
Microsoft Visual Studio Solution File, Format Version 12.00
# Visual Studio Version 17
VisualStudioVersion = 17.6.33815.320
MinimumVisualStudioVersion = 10.0.40219.1
Project("{FAE04EC0-301F-11D3-BF4B-00C04F79EFBC}") = "Picture Matching Game", "Picture Matching Game\Picture Matching Game.csproj", "{2EEBF036-CE15-4C63-B5C8-57C65712B29B}"
EndProject
Global
	GlobalSection(SolutionConfigurationPlatforms) = preSolution
		Debug|Any CPU = Debug|Any CPU
		Release|Any CPU = Release|Any CPU
	EndGlobalSection
	GlobalSection(ProjectConfigurationPlatforms) = postSolution
		{2EEBF036-CE15-4C63-B5C8-57C65712B29B}.Debug|Any CPU.ActiveCfg = Debug|Any CPU
		{2EEBF036-CE15-4C63-B5C8-57C65712B29B}.Debug|Any CPU.Build.0 = Debug|Any CPU
		{2EEBF036-CE15-4C63-B5C8-57C65712B29B}.Release|Any CPU.ActiveCfg = Release|Any CPU
		{2EEBF036-CE15-4C63-B5C8-57C65712B29B}.Release|Any CPU.Build.0 = Release|Any CPU
	EndGlobalSection
	GlobalSection(SolutionProperties) = preSolution
		HideSolutionNode = FALSE
	EndGlobalSection
	GlobalSection(ExtensibilityGlobals) = postSolution
		SolutionGuid = {1CFFDD64-BE53-4302-A21D-0181115FF2EA}
	EndGlobalSection
EndGlobal
